
Microsoft Visual Studio Solution File, Format Version 12.00
# Visual Studio Version 17
VisualStudioVersion = 17.10.34916.146
MinimumVisualStudioVersion = 10.0.40219.1
Project("{FAE04EC0-301F-11D3-BF4B-00C04F79EFBC}") = "ConsoleAppPUC", "ConsoleAppPUC\ConsoleAppPUC.csproj", "{CF7AEE4F-67F9-4B43-83FF-FF0235345643}"
EndProject
Global
	GlobalSection(SolutionConfigurationPlatforms) = preSolution
		Debug|Any CPU = Debug|Any CPU
		Release|Any CPU = Release|Any CPU
	EndGlobalSection
	GlobalSection(ProjectConfigurationPlatforms) = postSolution
		{CF7AEE4F-67F9-4B43-83FF-FF0235345643}.Debug|Any CPU.ActiveCfg = Debug|Any CPU
		{CF7AEE4F-67F9-4B43-83FF-FF0235345643}.Debug|Any CPU.Build.0 = Debug|Any CPU
		{CF7AEE4F-67F9-4B43-83FF-FF0235345643}.Release|Any CPU.ActiveCfg = Release|Any CPU
		{CF7AEE4F-67F9-4B43-83FF-FF0235345643}.Release|Any CPU.Build.0 = Release|Any CPU
	EndGlobalSection
	GlobalSection(SolutionProperties) = preSolution
		HideSolutionNode = FALSE
	EndGlobalSection
	GlobalSection(ExtensibilityGlobals) = postSolution
		SolutionGuid = {EC2CE8CE-CCD9-48F6-B183-1DF615811E58}
	EndGlobalSection
EndGlobal
